<?xml version="1.0" encoding="utf-8"?>
<Project ToolsVersion="17.0" xmlns="http://schemas.microsoft.com/developer/msbuild/2003">
  <ItemGroup>
    <CustomBuild Include="D:\objektinis\v3.0\build-tests\CMakeFiles\ea2f9184f117288f08d3b3fa605eb4ff\INSTALL_force.rule">
      <Filter>CMake Rules</Filter>
    </CustomBuild>
  </ItemGroup>
  <ItemGroup>
    <Filter Include="CMake Rules">
      <UniqueIdentifier>{42E36008-431D-355D-A766-7E6EDDA42C5D}</UniqueIdentifier>
    </Filter>
  </ItemGroup>
</Project>
